
Microsoft Visual Studio Solution File, Format Version 12.00
# Visual Studio 15
Project("{FAE04EC0-301F-11D3-BF4B-00C04F79EFBC}") = "UnityEngine.TestRunner", "UnityEngine.TestRunner.csproj", "{DCC07E51-1DCD-D7BF-EC0E-1646BC74259A}"
EndProject
Project("{FAE04EC0-301F-11D3-BF4B-00C04F79EFBC}") = "UnityEngine.UI", "UnityEngine.UI.csproj", "{741AC11B-928A-99CD-F0DE-BA629BD83CFD}"
EndProject
Project("{FAE04EC0-301F-11D3-BF4B-00C04F79EFBC}") = "Unity.VisualScripting.Flow", "Unity.VisualScripting.Flow.csproj", "{272FE1A7-D5FF-BB62-BC4F-8C7342BC19A5}"
EndProject
Project("{FAE04EC0-301F-11D3-BF4B-00C04F79EFBC}") = "Unity.Services.Core.Telemetry", "Unity.Services.Core.Telemetry.csproj", "{86F1F56F-8C7B-494E-8A55-F4E1BFB03A42}"
EndProject
Project("{FAE04EC0-301F-11D3-BF4B-00C04F79EFBC}") = "Unity.VisualScripting.State", "Unity.VisualScripting.State.csproj", "{FB6BE124-67B6-6DCD-701F-1783839EC4B1}"
EndProject
Project("{FAE04EC0-301F-11D3-BF4B-00C04F79EFBC}") = "Unity.VisualScripting.Core", "Unity.VisualScripting.Core.csproj", "{84F0669E-2A2D-95CD-1481-35C0FE75693C}"
EndProject
Project("{FAE04EC0-301F-11D3-BF4B-00C04F79EFBC}") = "Unity.Services.Core.Environments.Internal", "Unity.Services.Core.Environments.Internal.csproj", "{E6B17BCF-8D8F-8BD1-8F7D-4EF8E06FB6A2}"
EndProject
Project("{FAE04EC0-301F-11D3-BF4B-00C04F79EFBC}") = "Unity.TextMeshPro", "Unity.TextMeshPro.csproj", "{67F7644A-806E-103B-9BBD-C986F3F47D75}"
EndProject
Project("{FAE04EC0-301F-11D3-BF4B-00C04F79EFBC}") = "Unity.Timeline", "Unity.Timeline.csproj", "{F5F804F1-5512-9C20-51F1-A9A305597A8B}"
EndProject
Project("{FAE04EC0-301F-11D3-BF4B-00C04F79EFBC}") = "Unity.Services.Core", "Unity.Services.Core.csproj", "{8327C08B-C31C-184B-9B16-34EE87DDE1A8}"
EndProject
Project("{FAE04EC0-301F-11D3-BF4B-00C04F79EFBC}") = "Unity.Services.Core.Environments", "Unity.Services.Core.Environments.csproj", "{54BF8652-ED00-1AD0-3F53-F7307F5DC9C0}"
EndProject
Project("{FAE04EC0-301F-11D3-BF4B-00C04F79EFBC}") = "Unity.Services.Core.Internal", "Unity.Services.Core.Internal.csproj", "{7145DDF3-A44F-C057-E795-91D4F98EAFD0}"
EndProject
Project("{FAE04EC0-301F-11D3-BF4B-00C04F79EFBC}") = "Unity.Services.Core.Analytics", "Unity.Services.Core.Analytics.csproj", "{31D1D7B7-CB8F-19C6-FA73-94A019E0837C}"
EndProject
Project("{FAE04EC0-301F-11D3-BF4B-00C04F79EFBC}") = "Unity.Services.Core.Scheduler", "Unity.Services.Core.Scheduler.csproj", "{7FE81ACA-5D08-F1A2-63CA-301E484AB079}"
EndProject
Project("{FAE04EC0-301F-11D3-BF4B-00C04F79EFBC}") = "Assembly-CSharp", "Assembly-CSharp.csproj", "{C00495A4-1657-CE13-B0C8-19B18F35CA52}"
EndProject
Project("{FAE04EC0-301F-11D3-BF4B-00C04F79EFBC}") = "Unity.Services.Core.Registration", "Unity.Services.Core.Registration.csproj", "{CF7D174E-F0E3-59B9-2759-A2D21FFA6051}"
EndProject
Project("{FAE04EC0-301F-11D3-BF4B-00C04F79EFBC}") = "Unity.Services.Core.Device", "Unity.Services.Core.Device.csproj", "{5B265DED-A5A8-D466-34E0-DA886EF0BF38}"
EndProject
Project("{FAE04EC0-301F-11D3-BF4B-00C04F79EFBC}") = "Unity.Services.Core.Threading", "Unity.Services.Core.Threading.csproj", "{C27E07BB-757A-5C7E-19B7-AB7CEA89E983}"
EndProject
Project("{FAE04EC0-301F-11D3-BF4B-00C04F79EFBC}") = "Unity.Services.Core.Networking", "Unity.Services.Core.Networking.csproj", "{FD8A24B9-AA94-BE7E-A129-53252CDAADFD}"
EndProject
Project("{FAE04EC0-301F-11D3-BF4B-00C04F79EFBC}") = "Unity.Services.Core.Configuration", "Unity.Services.Core.Configuration.csproj", "{26A592A9-BCBD-7A5F-181D-3ED942350D8E}"
EndProject
Project("{FAE04EC0-301F-11D3-BF4B-00C04F79EFBC}") = "Unity.PlasticSCM.Editor", "Unity.PlasticSCM.Editor.csproj", "{5CC20242-6CDE-DD3A-C26E-1AD849238187}"
EndProject
Project("{FAE04EC0-301F-11D3-BF4B-00C04F79EFBC}") = "Unity.VisualScripting.Core.Editor", "Unity.VisualScripting.Core.Editor.csproj", "{2B15629C-F171-5FD5-1B41-BEA75C307758}"
EndProject
Project("{FAE04EC0-301F-11D3-BF4B-00C04F79EFBC}") = "Unity.VisualScripting.Flow.Editor", "Unity.VisualScripting.Flow.Editor.csproj", "{8738582F-1C8E-4144-871E-64E2EF9AAA3A}"
EndProject
Project("{FAE04EC0-301F-11D3-BF4B-00C04F79EFBC}") = "Unity.VisualStudio.Editor", "Unity.VisualStudio.Editor.csproj", "{AAA4913E-F737-BD91-34E0-EC06DF906390}"
EndProject
Project("{FAE04EC0-301F-11D3-BF4B-00C04F79EFBC}") = "Unity.Timeline.Editor", "Unity.Timeline.Editor.csproj", "{68283BF5-B045-5454-4A7F-AED4D5CF878C}"
EndProject
Project("{FAE04EC0-301F-11D3-BF4B-00C04F79EFBC}") = "Unity.VisualScripting.State.Editor", "Unity.VisualScripting.State.Editor.csproj", "{15B2D895-6F8A-A92E-42BF-F22FE6C2A79E}"
EndProject
Project("{FAE04EC0-301F-11D3-BF4B-00C04F79EFBC}") = "Unity.TextMeshPro.Editor", "Unity.TextMeshPro.Editor.csproj", "{105D49F7-634B-7611-3C5D-046BD7A404FD}"
EndProject
Project("{FAE04EC0-301F-11D3-BF4B-00C04F79EFBC}") = "Unity.VisualScripting.SettingsProvider.Editor", "Unity.VisualScripting.SettingsProvider.Editor.csproj", "{DA47D3C7-8404-5E11-CF2E-2B01A7353703}"
EndProject
Project("{FAE04EC0-301F-11D3-BF4B-00C04F79EFBC}") = "Unity.CollabProxy.Editor", "Unity.CollabProxy.Editor.csproj", "{D510502F-0CBA-0D2C-4BFF-56C23D040B0B}"
EndProject
Project("{FAE04EC0-301F-11D3-BF4B-00C04F79EFBC}") = "UnityEditor.TestRunner", "UnityEditor.TestRunner.csproj", "{0F0927F8-7260-ACC0-F55D-60EE42AB3878}"
EndProject
Project("{FAE04EC0-301F-11D3-BF4B-00C04F79EFBC}") = "Unity.Services.Core.Editor", "Unity.Services.Core.Editor.csproj", "{6856B489-39CC-2B99-4097-5097702B26FF}"
EndProject
Project("{FAE04EC0-301F-11D3-BF4B-00C04F79EFBC}") = "Unity.TestTools.CodeCoverage.Editor", "Unity.TestTools.CodeCoverage.Editor.csproj", "{519218B6-48C8-A85C-1CBC-C1B146754E48}"
EndProject
Project("{FAE04EC0-301F-11D3-BF4B-00C04F79EFBC}") = "Unity.Rider.Editor", "Unity.Rider.Editor.csproj", "{186F9BE0-0982-FE1F-609D-A535B9303FE8}"
EndProject
Project("{FAE04EC0-301F-11D3-BF4B-00C04F79EFBC}") = "Unity.Performance.Profile-Analyzer.Editor", "Unity.Performance.Profile-Analyzer.Editor.csproj", "{0787447A-9495-4E96-29CF-866DF1DE9D3F}"
EndProject
Project("{FAE04EC0-301F-11D3-BF4B-00C04F79EFBC}") = "Unity.VSCode.Editor", "Unity.VSCode.Editor.csproj", "{8D256F83-8215-E19B-BD1F-A210E4596567}"
EndProject
Project("{FAE04EC0-301F-11D3-BF4B-00C04F79EFBC}") = "Unity.2D.Sprite.Editor", "Unity.2D.Sprite.Editor.csproj", "{C8346C9B-9366-A85B-47B6-306F13E24A06}"
EndProject
Project("{FAE04EC0-301F-11D3-BF4B-00C04F79EFBC}") = "UnityEditor.UI", "UnityEditor.UI.csproj", "{8D341ACB-EA96-B506-E445-5A2C92056B45}"
EndProject
Project("{FAE04EC0-301F-11D3-BF4B-00C04F79EFBC}") = "Unity.TestTools.CodeCoverage.Editor.OpenCover.Model", "Unity.TestTools.CodeCoverage.Editor.OpenCover.Model.csproj", "{18F2F94E-7E4C-A78F-5D2C-F79E6C9AAC39}"
EndProject
Project("{FAE04EC0-301F-11D3-BF4B-00C04F79EFBC}") = "Unity.EditorCoroutines.Editor", "Unity.EditorCoroutines.Editor.csproj", "{E5117ECB-89BD-4CE2-349B-6BBE1F8D192C}"
EndProject
Project("{FAE04EC0-301F-11D3-BF4B-00C04F79EFBC}") = "Unity.Settings.Editor", "Unity.Settings.Editor.csproj", "{126A98EB-9E13-A722-882A-9E941DED9B64}"
EndProject
Project("{FAE04EC0-301F-11D3-BF4B-00C04F79EFBC}") = "Unity.Services.Core.Configuration.Editor", "Unity.Services.Core.Configuration.Editor.csproj", "{ED6E2AC3-2796-C4CE-4C5B-3104736040F3}"
EndProject
Project("{FAE04EC0-301F-11D3-BF4B-00C04F79EFBC}") = "Unity.TestTools.CodeCoverage.Editor.OpenCover.Mono.Reflection", "Unity.TestTools.CodeCoverage.Editor.OpenCover.Mono.Reflection.csproj", "{1024AB6E-9EF5-8259-BF8E-E577D1943BE7}"
EndProject
Project("{FAE04EC0-301F-11D3-BF4B-00C04F79EFBC}") = "Unity.VisualScripting.Shared.Editor", "Unity.VisualScripting.Shared.Editor.csproj", "{0B5C975E-FD9F-2C02-BFC1-B1B13A6605F6}"
EndProject
Project("{FAE04EC0-301F-11D3-BF4B-00C04F79EFBC}") = "UnityEngine.TestRunner", "UnityEngine.TestRunner.Player.csproj", "{8D3CBBAA-CA21-61F3-A774-9CB4878091B5}"
EndProject
Project("{FAE04EC0-301F-11D3-BF4B-00C04F79EFBC}") = "UnityEngine.UI", "UnityEngine.UI.Player.csproj", "{9BFD003D-2130-C2EC-E10F-879A00D8247D}"
EndProject
Project("{FAE04EC0-301F-11D3-BF4B-00C04F79EFBC}") = "Unity.VisualScripting.Flow", "Unity.VisualScripting.Flow.Player.csproj", "{D937136F-E16B-B764-6291-A185D8D26740}"
EndProject
Project("{FAE04EC0-301F-11D3-BF4B-00C04F79EFBC}") = "Unity.Services.Core.Telemetry", "Unity.Services.Core.Telemetry.Player.csproj", "{5C3860DA-14B3-6D51-C40B-81EDD0DCB7B7}"
EndProject
Project("{FAE04EC0-301F-11D3-BF4B-00C04F79EFBC}") = "Unity.VisualScripting.State", "Unity.VisualScripting.State.Player.csproj", "{60CC8FEB-613A-D82E-0160-E48DACE678B1}"
EndProject
Project("{FAE04EC0-301F-11D3-BF4B-00C04F79EFBC}") = "Unity.VisualScripting.Core", "Unity.VisualScripting.Core.Player.csproj", "{2E3D9520-07C4-F303-EC46-6BC8FF80D41F}"
EndProject
Project("{FAE04EC0-301F-11D3-BF4B-00C04F79EFBC}") = "Unity.Services.Core.Environments.Internal", "Unity.Services.Core.Environments.Internal.Player.csproj", "{576BB94E-3A65-15E0-5514-96A75F77AA89}"
EndProject
Project("{FAE04EC0-301F-11D3-BF4B-00C04F79EFBC}") = "Unity.TextMeshPro", "Unity.TextMeshPro.Player.csproj", "{6D3EC065-DBBC-7439-2F5B-4BD9884F9F4B}"
EndProject
Project("{FAE04EC0-301F-11D3-BF4B-00C04F79EFBC}") = "Unity.Timeline", "Unity.Timeline.Player.csproj", "{0E3758EB-4703-1519-7D1F-A26A7F66F8BB}"
EndProject
Project("{FAE04EC0-301F-11D3-BF4B-00C04F79EFBC}") = "Unity.Services.Core", "Unity.Services.Core.Player.csproj", "{DC36BDBC-E8DE-A7D5-3563-3AB5CEC4650A}"
EndProject
Project("{FAE04EC0-301F-11D3-BF4B-00C04F79EFBC}") = "Unity.Services.Core.Environments", "Unity.Services.Core.Environments.Player.csproj", "{8A4E0825-5BDC-B9B8-FAFC-903005F486DA}"
EndProject
Project("{FAE04EC0-301F-11D3-BF4B-00C04F79EFBC}") = "Unity.Services.Core.Internal", "Unity.Services.Core.Internal.Player.csproj", "{45598E1A-1E25-9C73-E333-1BAA44C27E1F}"
EndProject
Project("{FAE04EC0-301F-11D3-BF4B-00C04F79EFBC}") = "Unity.Services.Core.Analytics", "Unity.Services.Core.Analytics.Player.csproj", "{FAF04D42-C42E-F30F-F191-95209E3EAC42}"
EndProject
Project("{FAE04EC0-301F-11D3-BF4B-00C04F79EFBC}") = "Unity.Services.Core.Scheduler", "Unity.Services.Core.Scheduler.Player.csproj", "{5366FEE5-C518-E637-3138-C56C5AA6B0F1}"
EndProject
Project("{FAE04EC0-301F-11D3-BF4B-00C04F79EFBC}") = "Assembly-CSharp", "Assembly-CSharp.Player.csproj", "{B00D12C1-445B-6058-BAF3-FE95CFBD13AA}"
EndProject
Project("{FAE04EC0-301F-11D3-BF4B-00C04F79EFBC}") = "Unity.Services.Core.Registration", "Unity.Services.Core.Registration.Player.csproj", "{1863E1AC-7A33-4778-CCB0-647998E10A24}"
EndProject
Project("{FAE04EC0-301F-11D3-BF4B-00C04F79EFBC}") = "Unity.Services.Core.Device", "Unity.Services.Core.Device.Player.csproj", "{C5D7D8E0-3DEB-10AE-D96E-545BD65E70EF}"
EndProject
Project("{FAE04EC0-301F-11D3-BF4B-00C04F79EFBC}") = "Unity.Services.Core.Threading", "Unity.Services.Core.Threading.Player.csproj", "{0E3966AA-E53D-EA09-57B7-BCE1A8B51BA9}"
EndProject
Project("{FAE04EC0-301F-11D3-BF4B-00C04F79EFBC}") = "Unity.Services.Core.Networking", "Unity.Services.Core.Networking.Player.csproj", "{3714B711-2B67-A4D2-385D-EEF0F4699005}"
EndProject
Project("{FAE04EC0-301F-11D3-BF4B-00C04F79EFBC}") = "Unity.Services.Core.Configuration", "Unity.Services.Core.Configuration.Player.csproj", "{59D52CCF-CABE-40FB-A52B-4A2F967D8674}"
EndProject
Global
	GlobalSection(SolutionConfigurationPlatforms) = preSolution
		Debug|Any CPU = Debug|Any CPU
		Release|Any CPU = Release|Any CPU
	EndGlobalSection
	GlobalSection(ProjectConfigurationPlatforms) = postSolution
		{DCC07E51-1DCD-D7BF-EC0E-1646BC74259A}.Debug|Any CPU.ActiveCfg = Debug|Any CPU
		{DCC07E51-1DCD-D7BF-EC0E-1646BC74259A}.Debug|Any CPU.Build.0 = Debug|Any CPU
		{DCC07E51-1DCD-D7BF-EC0E-1646BC74259A}.Release|Any CPU.ActiveCfg = Release|Any CPU
		{DCC07E51-1DCD-D7BF-EC0E-1646BC74259A}.Release|Any CPU.Build.0 = Release|Any CPU
		{741AC11B-928A-99CD-F0DE-BA629BD83CFD}.Debug|Any CPU.ActiveCfg = Debug|Any CPU
		{741AC11B-928A-99CD-F0DE-BA629BD83CFD}.Debug|Any CPU.Build.0 = Debug|Any CPU
		{741AC11B-928A-99CD-F0DE-BA629BD83CFD}.Release|Any CPU.ActiveCfg = Release|Any CPU
		{741AC11B-928A-99CD-F0DE-BA629BD83CFD}.Release|Any CPU.Build.0 = Release|Any CPU
		{272FE1A7-D5FF-BB62-BC4F-8C7342BC19A5}.Debug|Any CPU.ActiveCfg = Debug|Any CPU
		{272FE1A7-D5FF-BB62-BC4F-8C7342BC19A5}.Debug|Any CPU.Build.0 = Debug|Any CPU
		{272FE1A7-D5FF-BB62-BC4F-8C7342BC19A5}.Release|Any CPU.ActiveCfg = Release|Any CPU
		{272FE1A7-D5FF-BB62-BC4F-8C7342BC19A5}.Release|Any CPU.Build.0 = Release|Any CPU
		{86F1F56F-8C7B-494E-8A55-F4E1BFB03A42}.Debug|Any CPU.ActiveCfg = Debug|Any CPU
		{86F1F56F-8C7B-494E-8A55-F4E1BFB03A42}.Debug|Any CPU.Build.0 = Debug|Any CPU
		{86F1F56F-8C7B-494E-8A55-F4E1BFB03A42}.Release|Any CPU.ActiveCfg = Release|Any CPU
		{86F1F56F-8C7B-494E-8A55-F4E1BFB03A42}.Release|Any CPU.Build.0 = Release|Any CPU
		{FB6BE124-67B6-6DCD-701F-1783839EC4B1}.Debug|Any CPU.ActiveCfg = Debug|Any CPU
		{FB6BE124-67B6-6DCD-701F-1783839EC4B1}.Debug|Any CPU.Build.0 = Debug|Any CPU
		{FB6BE124-67B6-6DCD-701F-1783839EC4B1}.Release|Any CPU.ActiveCfg = Release|Any CPU
		{FB6BE124-67B6-6DCD-701F-1783839EC4B1}.Release|Any CPU.Build.0 = Release|Any CPU
		{84F0669E-2A2D-95CD-1481-35C0FE75693C}.Debug|Any CPU.ActiveCfg = Debug|Any CPU
		{84F0669E-2A2D-95CD-1481-35C0FE75693C}.Debug|Any CPU.Build.0 = Debug|Any CPU
		{84F0669E-2A2D-95CD-1481-35C0FE75693C}.Release|Any CPU.ActiveCfg = Release|Any CPU
		{84F0669E-2A2D-95CD-1481-35C0FE75693C}.Release|Any CPU.Build.0 = Release|Any CPU
		{E6B17BCF-8D8F-8BD1-8F7D-4EF8E06FB6A2}.Debug|Any CPU.ActiveCfg = Debug|Any CPU
		{E6B17BCF-8D8F-8BD1-8F7D-4EF8E06FB6A2}.Debug|Any CPU.Build.0 = Debug|Any CPU
		{E6B17BCF-8D8F-8BD1-8F7D-4EF8E06FB6A2}.Release|Any CPU.ActiveCfg = Release|Any CPU
		{E6B17BCF-8D8F-8BD1-8F7D-4EF8E06FB6A2}.Release|Any CPU.Build.0 = Release|Any CPU
		{67F7644A-806E-103B-9BBD-C986F3F47D75}.Debug|Any CPU.ActiveCfg = Debug|Any CPU
		{67F7644A-806E-103B-9BBD-C986F3F47D75}.Debug|Any CPU.Build.0 = Debug|Any CPU
		{67F7644A-806E-103B-9BBD-C986F3F47D75}.Release|Any CPU.ActiveCfg = Release|Any CPU
		{67F7644A-806E-103B-9BBD-C986F3F47D75}.Release|Any CPU.Build.0 = Release|Any CPU
		{F5F804F1-5512-9C20-51F1-A9A305597A8B}.Debug|Any CPU.ActiveCfg = Debug|Any CPU
		{F5F804F1-5512-9C20-51F1-A9A305597A8B}.Debug|Any CPU.Build.0 = Debug|Any CPU
		{F5F804F1-5512-9C20-51F1-A9A305597A8B}.Release|Any CPU.ActiveCfg = Release|Any CPU
		{F5F804F1-5512-9C20-51F1-A9A305597A8B}.Release|Any CPU.Build.0 = Release|Any CPU
		{8327C08B-C31C-184B-9B16-34EE87DDE1A8}.Debug|Any CPU.ActiveCfg = Debug|Any CPU
		{8327C08B-C31C-184B-9B16-34EE87DDE1A8}.Debug|Any CPU.Build.0 = Debug|Any CPU
		{8327C08B-C31C-184B-9B16-34EE87DDE1A8}.Release|Any CPU.ActiveCfg = Release|Any CPU
		{8327C08B-C31C-184B-9B16-34EE87DDE1A8}.Release|Any CPU.Build.0 = Release|Any CPU
		{54BF8652-ED00-1AD0-3F53-F7307F5DC9C0}.Debug|Any CPU.ActiveCfg = Debug|Any CPU
		{54BF8652-ED00-1AD0-3F53-F7307F5DC9C0}.Debug|Any CPU.Build.0 = Debug|Any CPU
		{54BF8652-ED00-1AD0-3F53-F7307F5DC9C0}.Release|Any CPU.ActiveCfg = Release|Any CPU
		{54BF8652-ED00-1AD0-3F53-F7307F5DC9C0}.Release|Any CPU.Build.0 = Release|Any CPU
		{7145DDF3-A44F-C057-E795-91D4F98EAFD0}.Debug|Any CPU.ActiveCfg = Debug|Any CPU
		{7145DDF3-A44F-C057-E795-91D4F98EAFD0}.Debug|Any CPU.Build.0 = Debug|Any CPU
		{7145DDF3-A44F-C057-E795-91D4F98EAFD0}.Release|Any CPU.ActiveCfg = Release|Any CPU
		{7145DDF3-A44F-C057-E795-91D4F98EAFD0}.Release|Any CPU.Build.0 = Release|Any CPU
		{31D1D7B7-CB8F-19C6-FA73-94A019E0837C}.Debug|Any CPU.ActiveCfg = Debug|Any CPU
		{31D1D7B7-CB8F-19C6-FA73-94A019E0837C}.Debug|Any CPU.Build.0 = Debug|Any CPU
		{31D1D7B7-CB8F-19C6-FA73-94A019E0837C}.Release|Any CPU.ActiveCfg = Release|Any CPU
		{31D1D7B7-CB8F-19C6-FA73-94A019E0837C}.Release|Any CPU.Build.0 = Release|Any CPU
		{7FE81ACA-5D08-F1A2-63CA-301E484AB079}.Debug|Any CPU.ActiveCfg = Debug|Any CPU
		{7FE81ACA-5D08-F1A2-63CA-301E484AB079}.Debug|Any CPU.Build.0 = Debug|Any CPU
		{7FE81ACA-5D08-F1A2-63CA-301E484AB079}.Release|Any CPU.ActiveCfg = Release|Any CPU
		{7FE81ACA-5D08-F1A2-63CA-301E484AB079}.Release|Any CPU.Build.0 = Release|Any CPU
		{C00495A4-1657-CE13-B0C8-19B18F35CA52}.Debug|Any CPU.ActiveCfg = Debug|Any CPU
		{C00495A4-1657-CE13-B0C8-19B18F35CA52}.Debug|Any CPU.Build.0 = Debug|Any CPU
		{C00495A4-1657-CE13-B0C8-19B18F35CA52}.Release|Any CPU.ActiveCfg = Release|Any CPU
		{C00495A4-1657-CE13-B0C8-19B18F35CA52}.Release|Any CPU.Build.0 = Release|Any CPU
		{CF7D174E-F0E3-59B9-2759-A2D21FFA6051}.Debug|Any CPU.ActiveCfg = Debug|Any CPU
		{CF7D174E-F0E3-59B9-2759-A2D21FFA6051}.Debug|Any CPU.Build.0 = Debug|Any CPU
		{CF7D174E-F0E3-59B9-2759-A2D21FFA6051}.Release|Any CPU.ActiveCfg = Release|Any CPU
		{CF7D174E-F0E3-59B9-2759-A2D21FFA6051}.Release|Any CPU.Build.0 = Release|Any CPU
		{5B265DED-A5A8-D466-34E0-DA886EF0BF38}.Debug|Any CPU.ActiveCfg = Debug|Any CPU
		{5B265DED-A5A8-D466-34E0-DA886EF0BF38}.Debug|Any CPU.Build.0 = Debug|Any CPU
		{5B265DED-A5A8-D466-34E0-DA886EF0BF38}.Release|Any CPU.ActiveCfg = Release|Any CPU
		{5B265DED-A5A8-D466-34E0-DA886EF0BF38}.Release|Any CPU.Build.0 = Release|Any CPU
		{C27E07BB-757A-5C7E-19B7-AB7CEA89E983}.Debug|Any CPU.ActiveCfg = Debug|Any CPU
		{C27E07BB-757A-5C7E-19B7-AB7CEA89E983}.Debug|Any CPU.Build.0 = Debug|Any CPU
		{C27E07BB-757A-5C7E-19B7-AB7CEA89E983}.Release|Any CPU.ActiveCfg = Release|Any CPU
		{C27E07BB-757A-5C7E-19B7-AB7CEA89E983}.Release|Any CPU.Build.0 = Release|Any CPU
		{FD8A24B9-AA94-BE7E-A129-53252CDAADFD}.Debug|Any CPU.ActiveCfg = Debug|Any CPU
		{FD8A24B9-AA94-BE7E-A129-53252CDAADFD}.Debug|Any CPU.Build.0 = Debug|Any CPU
		{FD8A24B9-AA94-BE7E-A129-53252CDAADFD}.Release|Any CPU.ActiveCfg = Release|Any CPU
		{FD8A24B9-AA94-BE7E-A129-53252CDAADFD}.Release|Any CPU.Build.0 = Release|Any CPU
		{26A592A9-BCBD-7A5F-181D-3ED942350D8E}.Debug|Any CPU.ActiveCfg = Debug|Any CPU
		{26A592A9-BCBD-7A5F-181D-3ED942350D8E}.Debug|Any CPU.Build.0 = Debug|Any CPU
		{26A592A9-BCBD-7A5F-181D-3ED942350D8E}.Release|Any CPU.ActiveCfg = Release|Any CPU
		{26A592A9-BCBD-7A5F-181D-3ED942350D8E}.Release|Any CPU.Build.0 = Release|Any CPU
		{5CC20242-6CDE-DD3A-C26E-1AD849238187}.Debug|Any CPU.ActiveCfg = Debug|Any CPU
		{5CC20242-6CDE-DD3A-C26E-1AD849238187}.Debug|Any CPU.Build.0 = Debug|Any CPU
		{5CC20242-6CDE-DD3A-C26E-1AD849238187}.Release|Any CPU.ActiveCfg = Release|Any CPU
		{5CC20242-6CDE-DD3A-C26E-1AD849238187}.Release|Any CPU.Build.0 = Release|Any CPU
		{2B15629C-F171-5FD5-1B41-BEA75C307758}.Debug|Any CPU.ActiveCfg = Debug|Any CPU
		{2B15629C-F171-5FD5-1B41-BEA75C307758}.Debug|Any CPU.Build.0 = Debug|Any CPU
		{2B15629C-F171-5FD5-1B41-BEA75C307758}.Release|Any CPU.ActiveCfg = Release|Any CPU
		{2B15629C-F171-5FD5-1B41-BEA75C307758}.Release|Any CPU.Build.0 = Release|Any CPU
		{8738582F-1C8E-4144-871E-64E2EF9AAA3A}.Debug|Any CPU.ActiveCfg = Debug|Any CPU
		{8738582F-1C8E-4144-871E-64E2EF9AAA3A}.Debug|Any CPU.Build.0 = Debug|Any CPU
		{8738582F-1C8E-4144-871E-64E2EF9AAA3A}.Release|Any CPU.ActiveCfg = Release|Any CPU
		{8738582F-1C8E-4144-871E-64E2EF9AAA3A}.Release|Any CPU.Build.0 = Release|Any CPU
		{AAA4913E-F737-BD91-34E0-EC06DF906390}.Debug|Any CPU.ActiveCfg = Debug|Any CPU
		{AAA4913E-F737-BD91-34E0-EC06DF906390}.Debug|Any CPU.Build.0 = Debug|Any CPU
		{AAA4913E-F737-BD91-34E0-EC06DF906390}.Release|Any CPU.ActiveCfg = Release|Any CPU
		{AAA4913E-F737-BD91-34E0-EC06DF906390}.Release|Any CPU.Build.0 = Release|Any CPU
		{68283BF5-B045-5454-4A7F-AED4D5CF878C}.Debug|Any CPU.ActiveCfg = Debug|Any CPU
		{68283BF5-B045-5454-4A7F-AED4D5CF878C}.Debug|Any CPU.Build.0 = Debug|Any CPU
		{68283BF5-B045-5454-4A7F-AED4D5CF878C}.Release|Any CPU.ActiveCfg = Release|Any CPU
		{68283BF5-B045-5454-4A7F-AED4D5CF878C}.Release|Any CPU.Build.0 = Release|Any CPU
		{15B2D895-6F8A-A92E-42BF-F22FE6C2A79E}.Debug|Any CPU.ActiveCfg = Debug|Any CPU
		{15B2D895-6F8A-A92E-42BF-F22FE6C2A79E}.Debug|Any CPU.Build.0 = Debug|Any CPU
		{15B2D895-6F8A-A92E-42BF-F22FE6C2A79E}.Release|Any CPU.ActiveCfg = Release|Any CPU
		{15B2D895-6F8A-A92E-42BF-F22FE6C2A79E}.Release|Any CPU.Build.0 = Release|Any CPU
		{105D49F7-634B-7611-3C5D-046BD7A404FD}.Debug|Any CPU.ActiveCfg = Debug|Any CPU
		{105D49F7-634B-7611-3C5D-046BD7A404FD}.Debug|Any CPU.Build.0 = Debug|Any CPU
		{105D49F7-634B-7611-3C5D-046BD7A404FD}.Release|Any CPU.ActiveCfg = Release|Any CPU
		{105D49F7-634B-7611-3C5D-046BD7A404FD}.Release|Any CPU.Build.0 = Release|Any CPU
		{DA47D3C7-8404-5E11-CF2E-2B01A7353703}.Debug|Any CPU.ActiveCfg = Debug|Any CPU
		{DA47D3C7-8404-5E11-CF2E-2B01A7353703}.Debug|Any CPU.Build.0 = Debug|Any CPU
		{DA47D3C7-8404-5E11-CF2E-2B01A7353703}.Release|Any CPU.ActiveCfg = Release|Any CPU
		{DA47D3C7-8404-5E11-CF2E-2B01A7353703}.Release|Any CPU.Build.0 = Release|Any CPU
		{D510502F-0CBA-0D2C-4BFF-56C23D040B0B}.Debug|Any CPU.ActiveCfg = Debug|Any CPU
		{D510502F-0CBA-0D2C-4BFF-56C23D040B0B}.Debug|Any CPU.Build.0 = Debug|Any CPU
		{D510502F-0CBA-0D2C-4BFF-56C23D040B0B}.Release|Any CPU.ActiveCfg = Release|Any CPU
		{D510502F-0CBA-0D2C-4BFF-56C23D040B0B}.Release|Any CPU.Build.0 = Release|Any CPU
		{0F0927F8-7260-ACC0-F55D-60EE42AB3878}.Debug|Any CPU.ActiveCfg = Debug|Any CPU
		{0F0927F8-7260-ACC0-F55D-60EE42AB3878}.Debug|Any CPU.Build.0 = Debug|Any CPU
		{0F0927F8-7260-ACC0-F55D-60EE42AB3878}.Release|Any CPU.ActiveCfg = Release|Any CPU
		{0F0927F8-7260-ACC0-F55D-60EE42AB3878}.Release|Any CPU.Build.0 = Release|Any CPU
		{6856B489-39CC-2B99-4097-5097702B26FF}.Debug|Any CPU.ActiveCfg = Debug|Any CPU
		{6856B489-39CC-2B99-4097-5097702B26FF}.Debug|Any CPU.Build.0 = Debug|Any CPU
		{6856B489-39CC-2B99-4097-5097702B26FF}.Release|Any CPU.ActiveCfg = Release|Any CPU
		{6856B489-39CC-2B99-4097-5097702B26FF}.Release|Any CPU.Build.0 = Release|Any CPU
		{519218B6-48C8-A85C-1CBC-C1B146754E48}.Debug|Any CPU.ActiveCfg = Debug|Any CPU
		{519218B6-48C8-A85C-1CBC-C1B146754E48}.Debug|Any CPU.Build.0 = Debug|Any CPU
		{519218B6-48C8-A85C-1CBC-C1B146754E48}.Release|Any CPU.ActiveCfg = Release|Any CPU
		{519218B6-48C8-A85C-1CBC-C1B146754E48}.Release|Any CPU.Build.0 = Release|Any CPU
		{186F9BE0-0982-FE1F-609D-A535B9303FE8}.Debug|Any CPU.ActiveCfg = Debug|Any CPU
		{186F9BE0-0982-FE1F-609D-A535B9303FE8}.Debug|Any CPU.Build.0 = Debug|Any CPU
		{186F9BE0-0982-FE1F-609D-A535B9303FE8}.Release|Any CPU.ActiveCfg = Release|Any CPU
		{186F9BE0-0982-FE1F-609D-A535B9303FE8}.Release|Any CPU.Build.0 = Release|Any CPU
		{0787447A-9495-4E96-29CF-866DF1DE9D3F}.Debug|Any CPU.ActiveCfg = Debug|Any CPU
		{0787447A-9495-4E96-29CF-866DF1DE9D3F}.Debug|Any CPU.Build.0 = Debug|Any CPU
		{0787447A-9495-4E96-29CF-866DF1DE9D3F}.Release|Any CPU.ActiveCfg = Release|Any CPU
		{0787447A-9495-4E96-29CF-866DF1DE9D3F}.Release|Any CPU.Build.0 = Release|Any CPU
		{8D256F83-8215-E19B-BD1F-A210E4596567}.Debug|Any CPU.ActiveCfg = Debug|Any CPU
		{8D256F83-8215-E19B-BD1F-A210E4596567}.Debug|Any CPU.Build.0 = Debug|Any CPU
		{8D256F83-8215-E19B-BD1F-A210E4596567}.Release|Any CPU.ActiveCfg = Release|Any CPU
		{8D256F83-8215-E19B-BD1F-A210E4596567}.Release|Any CPU.Build.0 = Release|Any CPU
		{C8346C9B-9366-A85B-47B6-306F13E24A06}.Debug|Any CPU.ActiveCfg = Debug|Any CPU
		{C8346C9B-9366-A85B-47B6-306F13E24A06}.Debug|Any CPU.Build.0 = Debug|Any CPU
		{C8346C9B-9366-A85B-47B6-306F13E24A06}.Release|Any CPU.ActiveCfg = Release|Any CPU
		{C8346C9B-9366-A85B-47B6-306F13E24A06}.Release|Any CPU.Build.0 = Release|Any CPU
		{8D341ACB-EA96-B506-E445-5A2C92056B45}.Debug|Any CPU.ActiveCfg = Debug|Any CPU
		{8D341ACB-EA96-B506-E445-5A2C92056B45}.Debug|Any CPU.Build.0 = Debug|Any CPU
		{8D341ACB-EA96-B506-E445-5A2C92056B45}.Release|Any CPU.ActiveCfg = Release|Any CPU
		{8D341ACB-EA96-B506-E445-5A2C92056B45}.Release|Any CPU.Build.0 = Release|Any CPU
		{18F2F94E-7E4C-A78F-5D2C-F79E6C9AAC39}.Debug|Any CPU.ActiveCfg = Debug|Any CPU
		{18F2F94E-7E4C-A78F-5D2C-F79E6C9AAC39}.Debug|Any CPU.Build.0 = Debug|Any CPU
		{18F2F94E-7E4C-A78F-5D2C-F79E6C9AAC39}.Release|Any CPU.ActiveCfg = Release|Any CPU
		{18F2F94E-7E4C-A78F-5D2C-F79E6C9AAC39}.Release|Any CPU.Build.0 = Release|Any CPU
		{E5117ECB-89BD-4CE2-349B-6BBE1F8D192C}.Debug|Any CPU.ActiveCfg = Debug|Any CPU
		{E5117ECB-89BD-4CE2-349B-6BBE1F8D192C}.Debug|Any CPU.Build.0 = Debug|Any CPU
		{E5117ECB-89BD-4CE2-349B-6BBE1F8D192C}.Release|Any CPU.ActiveCfg = Release|Any CPU
		{E5117ECB-89BD-4CE2-349B-6BBE1F8D192C}.Release|Any CPU.Build.0 = Release|Any CPU
		{126A98EB-9E13-A722-882A-9E941DED9B64}.Debug|Any CPU.ActiveCfg = Debug|Any CPU
		{126A98EB-9E13-A722-882A-9E941DED9B64}.Debug|Any CPU.Build.0 = Debug|Any CPU
		{126A98EB-9E13-A722-882A-9E941DED9B64}.Release|Any CPU.ActiveCfg = Release|Any CPU
		{126A98EB-9E13-A722-882A-9E941DED9B64}.Release|Any CPU.Build.0 = Release|Any CPU
		{ED6E2AC3-2796-C4CE-4C5B-3104736040F3}.Debug|Any CPU.ActiveCfg = Debug|Any CPU
		{ED6E2AC3-2796-C4CE-4C5B-3104736040F3}.Debug|Any CPU.Build.0 = Debug|Any CPU
		{ED6E2AC3-2796-C4CE-4C5B-3104736040F3}.Release|Any CPU.ActiveCfg = Release|Any CPU
		{ED6E2AC3-2796-C4CE-4C5B-3104736040F3}.Release|Any CPU.Build.0 = Release|Any CPU
		{1024AB6E-9EF5-8259-BF8E-E577D1943BE7}.Debug|Any CPU.ActiveCfg = Debug|Any CPU
		{1024AB6E-9EF5-8259-BF8E-E577D1943BE7}.Debug|Any CPU.Build.0 = Debug|Any CPU
		{1024AB6E-9EF5-8259-BF8E-E577D1943BE7}.Release|Any CPU.ActiveCfg = Release|Any CPU
		{1024AB6E-9EF5-8259-BF8E-E577D1943BE7}.Release|Any CPU.Build.0 = Release|Any CPU
		{0B5C975E-FD9F-2C02-BFC1-B1B13A6605F6}.Debug|Any CPU.ActiveCfg = Debug|Any CPU
		{0B5C975E-FD9F-2C02-BFC1-B1B13A6605F6}.Debug|Any CPU.Build.0 = Debug|Any CPU
		{0B5C975E-FD9F-2C02-BFC1-B1B13A6605F6}.Release|Any CPU.ActiveCfg = Release|Any CPU
		{0B5C975E-FD9F-2C02-BFC1-B1B13A6605F6}.Release|Any CPU.Build.0 = Release|Any CPU
		{8D3CBBAA-CA21-61F3-A774-9CB4878091B5}.Debug|Any CPU.ActiveCfg = Debug|Any CPU
		{8D3CBBAA-CA21-61F3-A774-9CB4878091B5}.Debug|Any CPU.Build.0 = Debug|Any CPU
		{8D3CBBAA-CA21-61F3-A774-9CB4878091B5}.Release|Any CPU.ActiveCfg = Release|Any CPU
		{8D3CBBAA-CA21-61F3-A774-9CB4878091B5}.Release|Any CPU.Build.0 = Release|Any CPU
		{9BFD003D-2130-C2EC-E10F-879A00D8247D}.Debug|Any CPU.ActiveCfg = Debug|Any CPU
		{9BFD003D-2130-C2EC-E10F-879A00D8247D}.Debug|Any CPU.Build.0 = Debug|Any CPU
		{9BFD003D-2130-C2EC-E10F-879A00D8247D}.Release|Any CPU.ActiveCfg = Release|Any CPU
		{9BFD003D-2130-C2EC-E10F-879A00D8247D}.Release|Any CPU.Build.0 = Release|Any CPU
		{D937136F-E16B-B764-6291-A185D8D26740}.Debug|Any CPU.ActiveCfg = Debug|Any CPU
		{D937136F-E16B-B764-6291-A185D8D26740}.Debug|Any CPU.Build.0 = Debug|Any CPU
		{D937136F-E16B-B764-6291-A185D8D26740}.Release|Any CPU.ActiveCfg = Release|Any CPU
		{D937136F-E16B-B764-6291-A185D8D26740}.Release|Any CPU.Build.0 = Release|Any CPU
		{5C3860DA-14B3-6D51-C40B-81EDD0DCB7B7}.Debug|Any CPU.ActiveCfg = Debug|Any CPU
		{5C3860DA-14B3-6D51-C40B-81EDD0DCB7B7}.Debug|Any CPU.Build.0 = Debug|Any CPU
		{5C3860DA-14B3-6D51-C40B-81EDD0DCB7B7}.Release|Any CPU.ActiveCfg = Release|Any CPU
		{5C3860DA-14B3-6D51-C40B-81EDD0DCB7B7}.Release|Any CPU.Build.0 = Release|Any CPU
		{60CC8FEB-613A-D82E-0160-E48DACE678B1}.Debug|Any CPU.ActiveCfg = Debug|Any CPU
		{60CC8FEB-613A-D82E-0160-E48DACE678B1}.Debug|Any CPU.Build.0 = Debug|Any CPU
		{60CC8FEB-613A-D82E-0160-E48DACE678B1}.Release|Any CPU.ActiveCfg = Release|Any CPU
		{60CC8FEB-613A-D82E-0160-E48DACE678B1}.Release|Any CPU.Build.0 = Release|Any CPU
		{2E3D9520-07C4-F303-EC46-6BC8FF80D41F}.Debug|Any CPU.ActiveCfg = Debug|Any CPU
		{2E3D9520-07C4-F303-EC46-6BC8FF80D41F}.Debug|Any CPU.Build.0 = Debug|Any CPU
		{2E3D9520-07C4-F303-EC46-6BC8FF80D41F}.Release|Any CPU.ActiveCfg = Release|Any CPU
		{2E3D9520-07C4-F303-EC46-6BC8FF80D41F}.Release|Any CPU.Build.0 = Release|Any CPU
		{576BB94E-3A65-15E0-5514-96A75F77AA89}.Debug|Any CPU.ActiveCfg = Debug|Any CPU
		{576BB94E-3A65-15E0-5514-96A75F77AA89}.Debug|Any CPU.Build.0 = Debug|Any CPU
		{576BB94E-3A65-15E0-5514-96A75F77AA89}.Release|Any CPU.ActiveCfg = Release|Any CPU
		{576BB94E-3A65-15E0-5514-96A75F77AA89}.Release|Any CPU.Build.0 = Release|Any CPU
		{6D3EC065-DBBC-7439-2F5B-4BD9884F9F4B}.Debug|Any CPU.ActiveCfg = Debug|Any CPU
		{6D3EC065-DBBC-7439-2F5B-4BD9884F9F4B}.Debug|Any CPU.Build.0 = Debug|Any CPU
		{6D3EC065-DBBC-7439-2F5B-4BD9884F9F4B}.Release|Any CPU.ActiveCfg = Release|Any CPU
		{6D3EC065-DBBC-7439-2F5B-4BD9884F9F4B}.Release|Any CPU.Build.0 = Release|Any CPU
		{0E3758EB-4703-1519-7D1F-A26A7F66F8BB}.Debug|Any CPU.ActiveCfg = Debug|Any CPU
		{0E3758EB-4703-1519-7D1F-A26A7F66F8BB}.Debug|Any CPU.Build.0 = Debug|Any CPU
		{0E3758EB-4703-1519-7D1F-A26A7F66F8BB}.Release|Any CPU.ActiveCfg = Release|Any CPU
		{0E3758EB-4703-1519-7D1F-A26A7F66F8BB}.Release|Any CPU.Build.0 = Release|Any CPU
		{DC36BDBC-E8DE-A7D5-3563-3AB5CEC4650A}.Debug|Any CPU.ActiveCfg = Debug|Any CPU
		{DC36BDBC-E8DE-A7D5-3563-3AB5CEC4650A}.Debug|Any CPU.Build.0 = Debug|Any CPU
		{DC36BDBC-E8DE-A7D5-3563-3AB5CEC4650A}.Release|Any CPU.ActiveCfg = Release|Any CPU
		{DC36BDBC-E8DE-A7D5-3563-3AB5CEC4650A}.Release|Any CPU.Build.0 = Release|Any CPU
		{8A4E0825-5BDC-B9B8-FAFC-903005F486DA}.Debug|Any CPU.ActiveCfg = Debug|Any CPU
		{8A4E0825-5BDC-B9B8-FAFC-903005F486DA}.Debug|Any CPU.Build.0 = Debug|Any CPU
		{8A4E0825-5BDC-B9B8-FAFC-903005F486DA}.Release|Any CPU.ActiveCfg = Release|Any CPU
		{8A4E0825-5BDC-B9B8-FAFC-903005F486DA}.Release|Any CPU.Build.0 = Release|Any CPU
		{45598E1A-1E25-9C73-E333-1BAA44C27E1F}.Debug|Any CPU.ActiveCfg = Debug|Any CPU
		{45598E1A-1E25-9C73-E333-1BAA44C27E1F}.Debug|Any CPU.Build.0 = Debug|Any CPU
		{45598E1A-1E25-9C73-E333-1BAA44C27E1F}.Release|Any CPU.ActiveCfg = Release|Any CPU
		{45598E1A-1E25-9C73-E333-1BAA44C27E1F}.Release|Any CPU.Build.0 = Release|Any CPU
		{FAF04D42-C42E-F30F-F191-95209E3EAC42}.Debug|Any CPU.ActiveCfg = Debug|Any CPU
		{FAF04D42-C42E-F30F-F191-95209E3EAC42}.Debug|Any CPU.Build.0 = Debug|Any CPU
		{FAF04D42-C42E-F30F-F191-95209E3EAC42}.Release|Any CPU.ActiveCfg = Release|Any CPU
		{FAF04D42-C42E-F30F-F191-95209E3EAC42}.Release|Any CPU.Build.0 = Release|Any CPU
		{5366FEE5-C518-E637-3138-C56C5AA6B0F1}.Debug|Any CPU.ActiveCfg = Debug|Any CPU
		{5366FEE5-C518-E637-3138-C56C5AA6B0F1}.Debug|Any CPU.Build.0 = Debug|Any CPU
		{5366FEE5-C518-E637-3138-C56C5AA6B0F1}.Release|Any CPU.ActiveCfg = Release|Any CPU
		{5366FEE5-C518-E637-3138-C56C5AA6B0F1}.Release|Any CPU.Build.0 = Release|Any CPU
		{B00D12C1-445B-6058-BAF3-FE95CFBD13AA}.Debug|Any CPU.ActiveCfg = Debug|Any CPU
		{B00D12C1-445B-6058-BAF3-FE95CFBD13AA}.Debug|Any CPU.Build.0 = Debug|Any CPU
		{B00D12C1-445B-6058-BAF3-FE95CFBD13AA}.Release|Any CPU.ActiveCfg = Release|Any CPU
		{B00D12C1-445B-6058-BAF3-FE95CFBD13AA}.Release|Any CPU.Build.0 = Release|Any CPU
		{1863E1AC-7A33-4778-CCB0-647998E10A24}.Debug|Any CPU.ActiveCfg = Debug|Any CPU
		{1863E1AC-7A33-4778-CCB0-647998E10A24}.Debug|Any CPU.Build.0 = Debug|Any CPU
		{1863E1AC-7A33-4778-CCB0-647998E10A24}.Release|Any CPU.ActiveCfg = Release|Any CPU
		{1863E1AC-7A33-4778-CCB0-647998E10A24}.Release|Any CPU.Build.0 = Release|Any CPU
		{C5D7D8E0-3DEB-10AE-D96E-545BD65E70EF}.Debug|Any CPU.ActiveCfg = Debug|Any CPU
		{C5D7D8E0-3DEB-10AE-D96E-545BD65E70EF}.Debug|Any CPU.Build.0 = Debug|Any CPU
		{C5D7D8E0-3DEB-10AE-D96E-545BD65E70EF}.Release|Any CPU.ActiveCfg = Release|Any CPU
		{C5D7D8E0-3DEB-10AE-D96E-545BD65E70EF}.Release|Any CPU.Build.0 = Release|Any CPU
		{0E3966AA-E53D-EA09-57B7-BCE1A8B51BA9}.Debug|Any CPU.ActiveCfg = Debug|Any CPU
		{0E3966AA-E53D-EA09-57B7-BCE1A8B51BA9}.Debug|Any CPU.Build.0 = Debug|Any CPU
		{0E3966AA-E53D-EA09-57B7-BCE1A8B51BA9}.Release|Any CPU.ActiveCfg = Release|Any CPU
		{0E3966AA-E53D-EA09-57B7-BCE1A8B51BA9}.Release|Any CPU.Build.0 = Release|Any CPU
		{3714B711-2B67-A4D2-385D-EEF0F4699005}.Debug|Any CPU.ActiveCfg = Debug|Any CPU
		{3714B711-2B67-A4D2-385D-EEF0F4699005}.Debug|Any CPU.Build.0 = Debug|Any CPU
		{3714B711-2B67-A4D2-385D-EEF0F4699005}.Release|Any CPU.ActiveCfg = Release|Any CPU
		{3714B711-2B67-A4D2-385D-EEF0F4699005}.Release|Any CPU.Build.0 = Release|Any CPU
		{59D52CCF-CABE-40FB-A52B-4A2F967D8674}.Debug|Any CPU.ActiveCfg = Debug|Any CPU
		{59D52CCF-CABE-40FB-A52B-4A2F967D8674}.Debug|Any CPU.Build.0 = Debug|Any CPU
		{59D52CCF-CABE-40FB-A52B-4A2F967D8674}.Release|Any CPU.ActiveCfg = Release|Any CPU
		{59D52CCF-CABE-40FB-A52B-4A2F967D8674}.Release|Any CPU.Build.0 = Release|Any CPU
	EndGlobalSection
	GlobalSection(SolutionProperties) = preSolution
		HideSolutionNode = FALSE
	EndGlobalSection
EndGlobal
